
Microsoft Visual Studio Solution File, Format Version 12.00
# Visual Studio Version 16
VisualStudioVersion = 16.0.29609.76
MinimumVisualStudioVersion = 10.0.40219.1
Project("{FAE04EC0-301F-11D3-BF4B-00C04F79EFBC}") = "PSP_trecia_CSharp", "PSP_trecia_CSharp.csproj", "{61B600B3-B924-4B45-994C-A195F59F5CAB}"
EndProject
Global
	GlobalSection(SolutionConfigurationPlatforms) = preSolution
		Debug|Any CPU = Debug|Any CPU
		Release|Any CPU = Release|Any CPU
	EndGlobalSection
	GlobalSection(ProjectConfigurationPlatforms) = postSolution
		{61B600B3-B924-4B45-994C-A195F59F5CAB}.Debug|Any CPU.ActiveCfg = Debug|Any CPU
		{61B600B3-B924-4B45-994C-A195F59F5CAB}.Debug|Any CPU.Build.0 = Debug|Any CPU
		{61B600B3-B924-4B45-994C-A195F59F5CAB}.Release|Any CPU.ActiveCfg = Release|Any CPU
		{61B600B3-B924-4B45-994C-A195F59F5CAB}.Release|Any CPU.Build.0 = Release|Any CPU
	EndGlobalSection
	GlobalSection(SolutionProperties) = preSolution
		HideSolutionNode = FALSE
	EndGlobalSection
	GlobalSection(ExtensibilityGlobals) = postSolution
		SolutionGuid = {D04B742B-6275-4282-BE7F-0704CD0BB64C}
	EndGlobalSection
EndGlobal
